
Microsoft Visual Studio Solution File, Format Version 12.00
# Visual Studio Version 17
VisualStudioVersion = 17.4.33122.133
MinimumVisualStudioVersion = 10.0.40219.1
Project("{FAE04EC0-301F-11D3-BF4B-00C04F79EFBC}") = "4_1_4", "4_1_4\4_1_4.csproj", "{C7D862AF-2E3B-4E71-A381-E72AC6350B97}"
EndProject
Global
	GlobalSection(SolutionConfigurationPlatforms) = preSolution
		Debug|Any CPU = Debug|Any CPU
		Release|Any CPU = Release|Any CPU
	EndGlobalSection
	GlobalSection(ProjectConfigurationPlatforms) = postSolution
		{C7D862AF-2E3B-4E71-A381-E72AC6350B97}.Debug|Any CPU.ActiveCfg = Debug|Any CPU
		{C7D862AF-2E3B-4E71-A381-E72AC6350B97}.Debug|Any CPU.Build.0 = Debug|Any CPU
		{C7D862AF-2E3B-4E71-A381-E72AC6350B97}.Release|Any CPU.ActiveCfg = Release|Any CPU
		{C7D862AF-2E3B-4E71-A381-E72AC6350B97}.Release|Any CPU.Build.0 = Release|Any CPU
	EndGlobalSection
	GlobalSection(SolutionProperties) = preSolution
		HideSolutionNode = FALSE
	EndGlobalSection
	GlobalSection(ExtensibilityGlobals) = postSolution
		SolutionGuid = {82FA49C0-8979-434E-952B-4E12ADA40715}
	EndGlobalSection
EndGlobal
